{
  "version": 4,
  "terraform_version": "1.3.5",
  "serial": 11,
  "lineage": "1608511e-d22a-4641-544b-a7a199f4c97d",
  "outputs": {},
  "resources": [
    {
      "module": "module.logic_region_b",
      "mode": "managed",
      "type": "azurerm_resource_group",
      "name": "resource_group",
      "provider": "module.logic_region_b.provider[\"registry.terraform.io/hashicorp/azurerm\"]",
      "instances": [
        {
          "schema_version": 0,
          "attributes": {
            "id": "/subscriptions/5548a961-c253-4301-b04e-8e7e2778dddf/resourceGroups/covachapp-eastus-rg",
            "location": "eastus",
            "name": "covachapp-eastus-rg",
            "tags": {},
            "timeouts": null
          },
          "sensitive_attributes": [],
          "private": "eyJlMmJmYjczMC1lY2FhLTExZTYtOGY4OC0zNDM2M2JjN2M0YzAiOnsiY3JlYXRlIjo1NDAwMDAwMDAwMDAwLCJkZWxldGUiOjU0MDAwMDAwMDAwMDAsInJlYWQiOjMwMDAwMDAwMDAwMCwidXBkYXRlIjo1NDAwMDAwMDAwMDAwfX0="
        }
      ]
    }
  ],
  "check_results": null
}
